
Microsoft Visual Studio Solution File, Format Version 12.00
# Visual Studio 15
VisualStudioVersion = 15.0.26730.12
MinimumVisualStudioVersion = 10.0.40219.1
Project("{FAE04EC0-301F-11D3-BF4B-00C04F79EFBC}") = "Task1", "Task1\Task1.csproj", "{86AACA9B-D180-4F7C-BF9A-BB822F1A0ECC}"
EndProject
Project("{FAE04EC0-301F-11D3-BF4B-00C04F79EFBC}") = "Task2", "Task2\Task2.csproj", "{32C56B5E-DC65-40FE-92C4-20EEEBDDB90A}"
EndProject
Global
	GlobalSection(SolutionConfigurationPlatforms) = preSolution
		Debug|Any CPU = Debug|Any CPU
		Release|Any CPU = Release|Any CPU
	EndGlobalSection
	GlobalSection(ProjectConfigurationPlatforms) = postSolution
		{86AACA9B-D180-4F7C-BF9A-BB822F1A0ECC}.Debug|Any CPU.ActiveCfg = Debug|Any CPU
		{86AACA9B-D180-4F7C-BF9A-BB822F1A0ECC}.Debug|Any CPU.Build.0 = Debug|Any CPU
		{86AACA9B-D180-4F7C-BF9A-BB822F1A0ECC}.Release|Any CPU.ActiveCfg = Release|Any CPU
		{86AACA9B-D180-4F7C-BF9A-BB822F1A0ECC}.Release|Any CPU.Build.0 = Release|Any CPU
		{32C56B5E-DC65-40FE-92C4-20EEEBDDB90A}.Debug|Any CPU.ActiveCfg = Debug|Any CPU
		{32C56B5E-DC65-40FE-92C4-20EEEBDDB90A}.Debug|Any CPU.Build.0 = Debug|Any CPU
		{32C56B5E-DC65-40FE-92C4-20EEEBDDB90A}.Release|Any CPU.ActiveCfg = Release|Any CPU
		{32C56B5E-DC65-40FE-92C4-20EEEBDDB90A}.Release|Any CPU.Build.0 = Release|Any CPU
	EndGlobalSection
	GlobalSection(SolutionProperties) = preSolution
		HideSolutionNode = FALSE
	EndGlobalSection
	GlobalSection(ExtensibilityGlobals) = postSolution
		SolutionGuid = {6378F62D-C4C4-47C6-AA0F-4CC6C8900C48}
	EndGlobalSection
EndGlobal
